
Microsoft Visual Studio Solution File, Format Version 12.00
# Visual Studio 15
VisualStudioVersion = 15.0.26228.12
MinimumVisualStudioVersion = 10.0.40219.1
Project("{FAE04EC0-301F-11D3-BF4B-00C04F79EFBC}") = "CanadaLotteryReslts_PCL", "CanadaLotteryReslts_PCL\CanadaLotteryReslts_PCL\CanadaLotteryReslts_PCL.csproj", "{6ADAF57C-3E27-4470-9940-8B42220D6F22}"
EndProject
Project("{FAE04EC0-301F-11D3-BF4B-00C04F79EFBC}") = "CanadaLotteryReslts_PCL.iOS", "CanadaLotteryReslts_PCL\CanadaLotteryReslts_PCL.iOS\CanadaLotteryReslts_PCL.iOS.csproj", "{C602BF53-FA8E-4D9D-85F9-880E79A65DC0}"
EndProject
Global
	GlobalSection(SolutionConfigurationPlatforms) = preSolution
		Ad-Hoc|Any CPU = Ad-Hoc|Any CPU
		Ad-Hoc|iPhone = Ad-Hoc|iPhone
		Ad-Hoc|iPhoneSimulator = Ad-Hoc|iPhoneSimulator
		AppStore|Any CPU = AppStore|Any CPU
		AppStore|iPhone = AppStore|iPhone
		AppStore|iPhoneSimulator = AppStore|iPhoneSimulator
		Debug|Any CPU = Debug|Any CPU
		Debug|iPhone = Debug|iPhone
		Debug|iPhoneSimulator = Debug|iPhoneSimulator
		Release|Any CPU = Release|Any CPU
		Release|iPhone = Release|iPhone
		Release|iPhoneSimulator = Release|iPhoneSimulator
	EndGlobalSection
	GlobalSection(ProjectConfigurationPlatforms) = postSolution
		{6ADAF57C-3E27-4470-9940-8B42220D6F22}.Ad-Hoc|Any CPU.ActiveCfg = Release|Any CPU
		{6ADAF57C-3E27-4470-9940-8B42220D6F22}.Ad-Hoc|Any CPU.Build.0 = Release|Any CPU
		{6ADAF57C-3E27-4470-9940-8B42220D6F22}.Ad-Hoc|iPhone.ActiveCfg = Release|Any CPU
		{6ADAF57C-3E27-4470-9940-8B42220D6F22}.Ad-Hoc|iPhone.Build.0 = Release|Any CPU
		{6ADAF57C-3E27-4470-9940-8B42220D6F22}.Ad-Hoc|iPhoneSimulator.ActiveCfg = Release|Any CPU
		{6ADAF57C-3E27-4470-9940-8B42220D6F22}.Ad-Hoc|iPhoneSimulator.Build.0 = Release|Any CPU
		{6ADAF57C-3E27-4470-9940-8B42220D6F22}.AppStore|Any CPU.ActiveCfg = Release|Any CPU
		{6ADAF57C-3E27-4470-9940-8B42220D6F22}.AppStore|Any CPU.Build.0 = Release|Any CPU
		{6ADAF57C-3E27-4470-9940-8B42220D6F22}.AppStore|iPhone.ActiveCfg = Release|Any CPU
		{6ADAF57C-3E27-4470-9940-8B42220D6F22}.AppStore|iPhone.Build.0 = Release|Any CPU
		{6ADAF57C-3E27-4470-9940-8B42220D6F22}.AppStore|iPhoneSimulator.ActiveCfg = Release|Any CPU
		{6ADAF57C-3E27-4470-9940-8B42220D6F22}.AppStore|iPhoneSimulator.Build.0 = Release|Any CPU
		{6ADAF57C-3E27-4470-9940-8B42220D6F22}.Debug|Any CPU.ActiveCfg = Debug|Any CPU
		{6ADAF57C-3E27-4470-9940-8B42220D6F22}.Debug|Any CPU.Build.0 = Debug|Any CPU
		{6ADAF57C-3E27-4470-9940-8B42220D6F22}.Debug|iPhone.ActiveCfg = Debug|Any CPU
		{6ADAF57C-3E27-4470-9940-8B42220D6F22}.Debug|iPhone.Build.0 = Debug|Any CPU
		{6ADAF57C-3E27-4470-9940-8B42220D6F22}.Debug|iPhoneSimulator.ActiveCfg = Debug|Any CPU
		{6ADAF57C-3E27-4470-9940-8B42220D6F22}.Debug|iPhoneSimulator.Build.0 = Debug|Any CPU
		{6ADAF57C-3E27-4470-9940-8B42220D6F22}.Release|Any CPU.ActiveCfg = Release|Any CPU
		{6ADAF57C-3E27-4470-9940-8B42220D6F22}.Release|Any CPU.Build.0 = Release|Any CPU
		{6ADAF57C-3E27-4470-9940-8B42220D6F22}.Release|iPhone.ActiveCfg = Release|Any CPU
		{6ADAF57C-3E27-4470-9940-8B42220D6F22}.Release|iPhone.Build.0 = Release|Any CPU
		{6ADAF57C-3E27-4470-9940-8B42220D6F22}.Release|iPhoneSimulator.ActiveCfg = Release|Any CPU
		{6ADAF57C-3E27-4470-9940-8B42220D6F22}.Release|iPhoneSimulator.Build.0 = Release|Any CPU
		{C602BF53-FA8E-4D9D-85F9-880E79A65DC0}.Ad-Hoc|Any CPU.ActiveCfg = Ad-Hoc|iPhone
		{C602BF53-FA8E-4D9D-85F9-880E79A65DC0}.Ad-Hoc|iPhone.ActiveCfg = Ad-Hoc|iPhone
		{C602BF53-FA8E-4D9D-85F9-880E79A65DC0}.Ad-Hoc|iPhone.Build.0 = Ad-Hoc|iPhone
		{C602BF53-FA8E-4D9D-85F9-880E79A65DC0}.Ad-Hoc|iPhoneSimulator.ActiveCfg = Ad-Hoc|iPhoneSimulator
		{C602BF53-FA8E-4D9D-85F9-880E79A65DC0}.Ad-Hoc|iPhoneSimulator.Build.0 = Ad-Hoc|iPhoneSimulator
		{C602BF53-FA8E-4D9D-85F9-880E79A65DC0}.AppStore|Any CPU.ActiveCfg = AppStore|iPhone
		{C602BF53-FA8E-4D9D-85F9-880E79A65DC0}.AppStore|iPhone.ActiveCfg = AppStore|iPhone
		{C602BF53-FA8E-4D9D-85F9-880E79A65DC0}.AppStore|iPhone.Build.0 = AppStore|iPhone
		{C602BF53-FA8E-4D9D-85F9-880E79A65DC0}.AppStore|iPhoneSimulator.ActiveCfg = AppStore|iPhoneSimulator
		{C602BF53-FA8E-4D9D-85F9-880E79A65DC0}.AppStore|iPhoneSimulator.Build.0 = AppStore|iPhoneSimulator
		{C602BF53-FA8E-4D9D-85F9-880E79A65DC0}.Debug|Any CPU.ActiveCfg = Debug|iPhone
		{C602BF53-FA8E-4D9D-85F9-880E79A65DC0}.Debug|iPhone.ActiveCfg = Debug|iPhone
		{C602BF53-FA8E-4D9D-85F9-880E79A65DC0}.Debug|iPhone.Build.0 = Debug|iPhone
		{C602BF53-FA8E-4D9D-85F9-880E79A65DC0}.Debug|iPhoneSimulator.ActiveCfg = Debug|iPhoneSimulator
		{C602BF53-FA8E-4D9D-85F9-880E79A65DC0}.Debug|iPhoneSimulator.Build.0 = Debug|iPhoneSimulator
		{C602BF53-FA8E-4D9D-85F9-880E79A65DC0}.Release|Any CPU.ActiveCfg = Release|iPhone
		{C602BF53-FA8E-4D9D-85F9-880E79A65DC0}.Release|iPhone.ActiveCfg = Release|iPhone
		{C602BF53-FA8E-4D9D-85F9-880E79A65DC0}.Release|iPhone.Build.0 = Release|iPhone
		{C602BF53-FA8E-4D9D-85F9-880E79A65DC0}.Release|iPhoneSimulator.ActiveCfg = Release|iPhoneSimulator
		{C602BF53-FA8E-4D9D-85F9-880E79A65DC0}.Release|iPhoneSimulator.Build.0 = Release|iPhoneSimulator
	EndGlobalSection
	GlobalSection(SolutionProperties) = preSolution
		HideSolutionNode = FALSE
	EndGlobalSection
EndGlobal
